Microsoft Visual Studio Solution File, Format Version 11.00
# Visual Studio 2008

Project("{8ABEBE9D-9A35-05DA-67B3-0DA61888D8BB}") = "Week 1 GAM111", "Assembly-CSharp.csproj", "{38B174DA-E8C7-0D49-EE8E-CA546AF9919E}"
EndProject
Global
	GlobalSection(SolutionConfigurationPlatforms) = preSolution
		Debug|Any CPU = Debug|Any CPU
		Release|Any CPU = Release|Any CPU
	EndGlobalSection
	GlobalSection(ProjectConfigurationPlatforms) = postSolution
		{38B174DA-E8C7-0D49-EE8E-CA546AF9919E}.Debug|Any CPU.ActiveCfg = Debug|Any CPU
		{38B174DA-E8C7-0D49-EE8E-CA546AF9919E}.Debug|Any CPU.Build.0 = Debug|Any CPU
		{38B174DA-E8C7-0D49-EE8E-CA546AF9919E}.Release|Any CPU.ActiveCfg = Release|Any CPU
		{38B174DA-E8C7-0D49-EE8E-CA546AF9919E}.Release|Any CPU.Build.0 = Release|Any CPU
	EndGlobalSection
	GlobalSection(SolutionProperties) = preSolution
		HideSolutionNode = FALSE
	EndGlobalSection
	GlobalSection(MonoDevelopProperties) = preSolution
		StartupItem = Assembly-CSharp.csproj
	EndGlobalSection
EndGlobal
